
Microsoft Visual Studio Solution File, Format Version 12.00
# Visual Studio 15
VisualStudioVersion = 15.0.26124.0
MinimumVisualStudioVersion = 15.0.26124.0
Project("{F2A71F9B-5D33-465A-A702-920D77279786}") = "zdt-cli", "zdt-cli\zdt-cli.fsproj", "{8444B936-EEF2-4FC7-9135-7E94B387AC1C}"
EndProject
Project("{F2A71F9B-5D33-465A-A702-920D77279786}") = "build", "build\build.fsproj", "{35AD451E-5930-4194-B00F-1A88D7F145B5}"
EndProject
Project("{F2A71F9B-5D33-465A-A702-920D77279786}") = "zdt-cli-test", "zdt-cli-test\zdt-cli-test.fsproj", "{99C45C6B-15EB-4BCC-9015-D64700C3E71E}"
EndProject
Global
	GlobalSection(SolutionConfigurationPlatforms) = preSolution
		Debug|Any CPU = Debug|Any CPU
		Debug|x64 = Debug|x64
		Debug|x86 = Debug|x86
		Release|Any CPU = Release|Any CPU
		Release|x64 = Release|x64
		Release|x86 = Release|x86
	EndGlobalSection
	GlobalSection(SolutionProperties) = preSolution
		HideSolutionNode = FALSE
	EndGlobalSection
	GlobalSection(ProjectConfigurationPlatforms) = postSolution
		{8444B936-EEF2-4FC7-9135-7E94B387AC1C}.Debug|Any CPU.ActiveCfg = Debug|Any CPU
		{8444B936-EEF2-4FC7-9135-7E94B387AC1C}.Debug|Any CPU.Build.0 = Debug|Any CPU
		{8444B936-EEF2-4FC7-9135-7E94B387AC1C}.Debug|x64.ActiveCfg = Debug|Any CPU
		{8444B936-EEF2-4FC7-9135-7E94B387AC1C}.Debug|x64.Build.0 = Debug|Any CPU
		{8444B936-EEF2-4FC7-9135-7E94B387AC1C}.Debug|x86.ActiveCfg = Debug|Any CPU
		{8444B936-EEF2-4FC7-9135-7E94B387AC1C}.Debug|x86.Build.0 = Debug|Any CPU
		{8444B936-EEF2-4FC7-9135-7E94B387AC1C}.Release|Any CPU.ActiveCfg = Release|Any CPU
		{8444B936-EEF2-4FC7-9135-7E94B387AC1C}.Release|Any CPU.Build.0 = Release|Any CPU
		{8444B936-EEF2-4FC7-9135-7E94B387AC1C}.Release|x64.ActiveCfg = Release|Any CPU
		{8444B936-EEF2-4FC7-9135-7E94B387AC1C}.Release|x64.Build.0 = Release|Any CPU
		{8444B936-EEF2-4FC7-9135-7E94B387AC1C}.Release|x86.ActiveCfg = Release|Any CPU
		{8444B936-EEF2-4FC7-9135-7E94B387AC1C}.Release|x86.Build.0 = Release|Any CPU
		{35AD451E-5930-4194-B00F-1A88D7F145B5}.Debug|Any CPU.ActiveCfg = Debug|Any CPU
		{35AD451E-5930-4194-B00F-1A88D7F145B5}.Debug|Any CPU.Build.0 = Debug|Any CPU
		{35AD451E-5930-4194-B00F-1A88D7F145B5}.Debug|x64.ActiveCfg = Debug|Any CPU
		{35AD451E-5930-4194-B00F-1A88D7F145B5}.Debug|x64.Build.0 = Debug|Any CPU
		{35AD451E-5930-4194-B00F-1A88D7F145B5}.Debug|x86.ActiveCfg = Debug|Any CPU
		{35AD451E-5930-4194-B00F-1A88D7F145B5}.Debug|x86.Build.0 = Debug|Any CPU
		{35AD451E-5930-4194-B00F-1A88D7F145B5}.Release|Any CPU.ActiveCfg = Release|Any CPU
		{35AD451E-5930-4194-B00F-1A88D7F145B5}.Release|Any CPU.Build.0 = Release|Any CPU
		{35AD451E-5930-4194-B00F-1A88D7F145B5}.Release|x64.ActiveCfg = Release|Any CPU
		{35AD451E-5930-4194-B00F-1A88D7F145B5}.Release|x64.Build.0 = Release|Any CPU
		{35AD451E-5930-4194-B00F-1A88D7F145B5}.Release|x86.ActiveCfg = Release|Any CPU
		{35AD451E-5930-4194-B00F-1A88D7F145B5}.Release|x86.Build.0 = Release|Any CPU
		{99C45C6B-15EB-4BCC-9015-D64700C3E71E}.Debug|Any CPU.ActiveCfg = Debug|Any CPU
		{99C45C6B-15EB-4BCC-9015-D64700C3E71E}.Debug|Any CPU.Build.0 = Debug|Any CPU
		{99C45C6B-15EB-4BCC-9015-D64700C3E71E}.Debug|x64.ActiveCfg = Debug|Any CPU
		{99C45C6B-15EB-4BCC-9015-D64700C3E71E}.Debug|x64.Build.0 = Debug|Any CPU
		{99C45C6B-15EB-4BCC-9015-D64700C3E71E}.Debug|x86.ActiveCfg = Debug|Any CPU
		{99C45C6B-15EB-4BCC-9015-D64700C3E71E}.Debug|x86.Build.0 = Debug|Any CPU
		{99C45C6B-15EB-4BCC-9015-D64700C3E71E}.Release|Any CPU.ActiveCfg = Release|Any CPU
		{99C45C6B-15EB-4BCC-9015-D64700C3E71E}.Release|Any CPU.Build.0 = Release|Any CPU
		{99C45C6B-15EB-4BCC-9015-D64700C3E71E}.Release|x64.ActiveCfg = Release|Any CPU
		{99C45C6B-15EB-4BCC-9015-D64700C3E71E}.Release|x64.Build.0 = Release|Any CPU
		{99C45C6B-15EB-4BCC-9015-D64700C3E71E}.Release|x86.ActiveCfg = Release|Any CPU
		{99C45C6B-15EB-4BCC-9015-D64700C3E71E}.Release|x86.Build.0 = Release|Any CPU
	EndGlobalSection
EndGlobal
